// !$*UTF8*$!
{
	archiveVersion = 1;
	classes = {
	};
	objectVersion = 50;
	objects = {

/* Begin PBXBuildFile section */
		88051B2124D1A39100339FE9 /* AppDelegate.swift in Sources */ = {isa = PBXBuildFile; fileRef = 88051B2024D1A39100339FE9 /* AppDelegate.swift */; };
		88051B2324D1A39100339FE9 /* SceneDelegate.swift in Sources */ = {isa = PBXBuildFile; fileRef = 88051B2224D1A39100339FE9 /* SceneDelegate.swift */; };
		88051B2524D1A39100339FE9 /* ViewController.swift in Sources */ = {isa = PBXBuildFile; fileRef = 88051B2424D1A39100339FE9 /* ViewController.swift */; };
		88051B2824D1A39100339FE9 /* Main.storyboard in Resources */ = {isa = PBXBuildFile; fileRef = 88051B2624D1A39100339FE9 /* Main.storyboard */; };
		88051B2A24D1A39300339FE9 /* Assets.xcassets in Resources */ = {isa = PBXBuildFile; fileRef = 88051B2924D1A39300339FE9 /* Assets.xcassets */; };
		88051B2D24D1A39300339FE9 /* LaunchScreen.storyboard in Resources */ = {isa = PBXBuildFile; fileRef = 88051B2B24D1A39300339FE9 /* LaunchScreen.storyboard */; };
		88359C8224D9A3640073628A /* User.swift in Sources */ = {isa = PBXBuildFile; fileRef = 88359C8124D9A3640073628A /* User.swift */; };
		88359C8624E2EB9B0073628A /* PrincipalComprador.storyboard in Resources */ = {isa = PBXBuildFile; fileRef = 88359C8524E2EB9B0073628A /* PrincipalComprador.storyboard */; };
		88359C8824E416BC0073628A /* CadastroVendedor.storyboard in Resources */ = {isa = PBXBuildFile; fileRef = 88359C8724E416BC0073628A /* CadastroVendedor.storyboard */; };
		88359C8A24E4189E0073628A /* PrincipalVendedor.storyboard in Resources */ = {isa = PBXBuildFile; fileRef = 88359C8924E4189E0073628A /* PrincipalVendedor.storyboard */; };
		88359C8C24E41D670073628A /* CadastroComprador.storyboard in Resources */ = {isa = PBXBuildFile; fileRef = 88359C8B24E41D670073628A /* CadastroComprador.storyboard */; };
		88359C9024E41F8C0073628A /* TabHortifruitComprador.storyboard in Resources */ = {isa = PBXBuildFile; fileRef = 88359C8F24E41F8C0073628A /* TabHortifruitComprador.storyboard */; };
		88359C9224E41FA50073628A /* TabPedidosComprador.storyboard in Resources */ = {isa = PBXBuildFile; fileRef = 88359C9124E41FA50073628A /* TabPedidosComprador.storyboard */; };
		88359C9424E41FED0073628A /* PedidosVendedor.storyboard in Resources */ = {isa = PBXBuildFile; fileRef = 88359C9324E41FED0073628A /* PedidosVendedor.storyboard */; };
		88359C9624E420060073628A /* TabAnuncioVendedor.storyboard in Resources */ = {isa = PBXBuildFile; fileRef = 88359C9524E420060073628A /* TabAnuncioVendedor.storyboard */; };
		88359C9824E4200E0073628A /* TabPerfilVendedor.storyboard in Resources */ = {isa = PBXBuildFile; fileRef = 88359C9724E4200E0073628A /* TabPerfilVendedor.storyboard */; };
		88359C9A24E421940073628A /* TabPedidosVendedor.storyboard in Resources */ = {isa = PBXBuildFile; fileRef = 88359C9924E421940073628A /* TabPedidosVendedor.storyboard */; };
		88359C9C24E424620073628A /* PrincipalVendedor.swift in Sources */ = {isa = PBXBuildFile; fileRef = 88359C9B24E424620073628A /* PrincipalVendedor.swift */; };
		88B8423324E6D47300E21123 /* LoginVendedorViewController.swift in Sources */ = {isa = PBXBuildFile; fileRef = 88B8423024E6D47300E21123 /* LoginVendedorViewController.swift */; };
		88B8423424E6D47300E21123 /* Cadastro1VendedorViewController.swift in Sources */ = {isa = PBXBuildFile; fileRef = 88B8423124E6D47300E21123 /* Cadastro1VendedorViewController.swift */; };
		88B8423524E6D47300E21123 /* Cadastro2VendedorViewControllerViewController.swift in Sources */ = {isa = PBXBuildFile; fileRef = 88B8423224E6D47300E21123 /* Cadastro2VendedorViewControllerViewController.swift */; };
		D16DB9A424E6B93700B2B279 /* HortfruitsCollectionViewCell.swift in Sources */ = {isa = PBXBuildFile; fileRef = D16DB9A224E6B93700B2B279 /* HortfruitsCollectionViewCell.swift */; };
		D16DB9A524E6B93700B2B279 /* HortfruitsCollectionViewCell.xib in Resources */ = {isa = PBXBuildFile; fileRef = D16DB9A324E6B93700B2B279 /* HortfruitsCollectionViewCell.xib */; };
		D16DB9AC24E6B9DA00B2B279 /* HortfruitsTableViewCell.swift in Sources */ = {isa = PBXBuildFile; fileRef = D16DB9AA24E6B9DA00B2B279 /* HortfruitsTableViewCell.swift */; };
		D16DB9AD24E6B9DA00B2B279 /* HortfruitsTableViewCell.xib in Resources */ = {isa = PBXBuildFile; fileRef = D16DB9AB24E6B9DA00B2B279 /* HortfruitsTableViewCell.xib */; };
		D16DB9AF24E6BD7900B2B279 /* HortfruitsViewController.swift in Sources */ = {isa = PBXBuildFile; fileRef = D16DB9AE24E6BD7900B2B279 /* HortfruitsViewController.swift */; };
		D16DB9B224E6E30900B2B279 /* SelecionadosTableViewCell.swift in Sources */ = {isa = PBXBuildFile; fileRef = D16DB9B024E6E30900B2B279 /* SelecionadosTableViewCell.swift */; };
		D16DB9B324E6E30900B2B279 /* SelecionadosTableViewCell.xib in Resources */ = {isa = PBXBuildFile; fileRef = D16DB9B124E6E30900B2B279 /* SelecionadosTableViewCell.xib */; };
		D16DB9D324E6FCE400B2B279 /* Comerciante.swift in Sources */ = {isa = PBXBuildFile; fileRef = D16DB9D224E6FCE400B2B279 /* Comerciante.swift */; };
		D16DB9D524E6FD0400B2B279 /* TabAnuncioVendedorViewController.swift in Sources */ = {isa = PBXBuildFile; fileRef = D16DB9D424E6FD0300B2B279 /* TabAnuncioVendedorViewController.swift */; };
		D16DB9D724E6FD5900B2B279 /* PrincipalComprador.swift in Sources */ = {isa = PBXBuildFile; fileRef = D16DB9D624E6FD5900B2B279 /* PrincipalComprador.swift */; };
		D19D95D524E57252007701C4 /* LoginViewController.swift in Sources */ = {isa = PBXBuildFile; fileRef = D19D95D424E57252007701C4 /* LoginViewController.swift */; };
		D19D95D724E57E81007701C4 /* PrimeiraTelaDeCadastroViewController.swift in Sources */ = {isa = PBXBuildFile; fileRef = D19D95D624E57E81007701C4 /* PrimeiraTelaDeCadastroViewController.swift */; };
		D19D95D924E5841A007701C4 /* SegundaTelaDeCadastroViewControllerViewController.swift in Sources */ = {isa = PBXBuildFile; fileRef = D19D95D824E5841A007701C4 /* SegundaTelaDeCadastroViewControllerViewController.swift */; };
		D19D95DB24E5842B007701C4 /* TerceiraTelaDeCadastroViewControllerViewController.swift in Sources */ = {isa = PBXBuildFile; fileRef = D19D95DA24E5842B007701C4 /* TerceiraTelaDeCadastroViewControllerViewController.swift */; };
		D19FE67C24E4336A007D138A /* CategoriaProduto.swift in Sources */ = {isa = PBXBuildFile; fileRef = D19FE66F24E43368007D138A /* CategoriaProduto.swift */; };
		D19FE67D24E4336A007D138A /* Pedido.swift in Sources */ = {isa = PBXBuildFile; fileRef = D19FE67024E43369007D138A /* Pedido.swift */; };
		D19FE67F24E4336A007D138A /* Anuncio.swift in Sources */ = {isa = PBXBuildFile; fileRef = D19FE67224E43369007D138A /* Anuncio.swift */; };
		D19FE68024E4336A007D138A /* Produtor.swift in Sources */ = {isa = PBXBuildFile; fileRef = D19FE67324E43369007D138A /* Produtor.swift */; };
		D19FE68124E4336A007D138A /* Produto.swift in Sources */ = {isa = PBXBuildFile; fileRef = D19FE67424E43369007D138A /* Produto.swift */; };
		D19FE68324E4336A007D138A /* ItemCarrinho.swift in Sources */ = {isa = PBXBuildFile; fileRef = D19FE67624E43369007D138A /* ItemCarrinho.swift */; };
		D19FE68424E4336A007D138A /* StatusItem.swift in Sources */ = {isa = PBXBuildFile; fileRef = D19FE67724E43369007D138A /* StatusItem.swift */; };
		D19FE68524E4336A007D138A /* Endereco.swift in Sources */ = {isa = PBXBuildFile; fileRef = D19FE67824E43369007D138A /* Endereco.swift */; };
		D19FE68624E4336A007D138A /* TipoComercio.swift in Sources */ = {isa = PBXBuildFile; fileRef = D19FE67924E43369007D138A /* TipoComercio.swift */; };
		D19FE68724E4336A007D138A /* TipoProduto.swift in Sources */ = {isa = PBXBuildFile; fileRef = D19FE67A24E4336A007D138A /* TipoProduto.swift */; };
		D19FE68824E4336A007D138A /* Ceasa.swift in Sources */ = {isa = PBXBuildFile; fileRef = D19FE67B24E4336A007D138A /* Ceasa.swift */; };
/* End PBXBuildFile section */

/* Begin PBXFileReference section */
		88051B1D24D1A39100339FE9 /* aobaApp-iOS.app */ = {isa = PBXFileReference; explicitFileType = wrapper.application; includeInIndex = 0; path = "aobaApp-iOS.app"; sourceTree = BUILT_PRODUCTS_DIR; };
		88051B2024D1A39100339FE9 /* AppDelegate.swift */ = {isa = PBXFileReference; lastKnownFileType = sourcecode.swift; path = AppDelegate.swift; sourceTree = "<group>"; };
		88051B2224D1A39100339FE9 /* SceneDelegate.swift */ = {isa = PBXFileReference; lastKnownFileType = sourcecode.swift; path = SceneDelegate.swift; sourceTree = "<group>"; };
		88051B2424D1A39100339FE9 /* ViewController.swift */ = {isa = PBXFileReference; lastKnownFileType = sourcecode.swift; path = ViewController.swift; sourceTree = "<group>"; };
		88051B2724D1A39100339FE9 /* Base */ = {isa = PBXFileReference; lastKnownFileType = file.storyboard; name = Base; path = Base.lproj/Main.storyboard; sourceTree = "<group>"; };
		88051B2924D1A39300339FE9 /* Assets.xcassets */ = {isa = PBXFileReference; lastKnownFileType = folder.assetcatalog; path = Assets.xcassets; sourceTree = "<group>"; };
		88051B2C24D1A39300339FE9 /* Base */ = {isa = PBXFileReference; lastKnownFileType = file.storyboard; name = Base; path = Base.lproj/LaunchScreen.storyboard; sourceTree = "<group>"; };
		88051B2E24D1A39300339FE9 /* Info.plist */ = {isa = PBXFileReference; lastKnownFileType = text.plist.xml; path = Info.plist; sourceTree = "<group>"; };
		88359C8124D9A3640073628A /* User.swift */ = {isa = PBXFileReference; lastKnownFileType = sourcecode.swift; path = User.swift; sourceTree = "<group>"; };
		88359C8524E2EB9B0073628A /* PrincipalComprador.storyboard */ = {isa = PBXFileReference; lastKnownFileType = file.storyboard; path = PrincipalComprador.storyboard; sourceTree = "<group>"; };
		88359C8724E416BC0073628A /* CadastroVendedor.storyboard */ = {isa = PBXFileReference; lastKnownFileType = file.storyboard; path = CadastroVendedor.storyboard; sourceTree = "<group>"; };
		88359C8924E4189E0073628A /* PrincipalVendedor.storyboard */ = {isa = PBXFileReference; lastKnownFileType = file.storyboard; path = PrincipalVendedor.storyboard; sourceTree = "<group>"; };
		88359C8B24E41D670073628A /* CadastroComprador.storyboard */ = {isa = PBXFileReference; lastKnownFileType = file.storyboard; path = CadastroComprador.storyboard; sourceTree = "<group>"; };
		88359C8F24E41F8C0073628A /* TabHortifruitComprador.storyboard */ = {isa = PBXFileReference; lastKnownFileType = file.storyboard; path = TabHortifruitComprador.storyboard; sourceTree = "<group>"; };
		88359C9124E41FA50073628A /* TabPedidosComprador.storyboard */ = {isa = PBXFileReference; lastKnownFileType = file.storyboard; path = TabPedidosComprador.storyboard; sourceTree = "<group>"; };
		88359C9324E41FED0073628A /* PedidosVendedor.storyboard */ = {isa = PBXFileReference; lastKnownFileType = file.storyboard; path = PedidosVendedor.storyboard; sourceTree = "<group>"; };
		88359C9524E420060073628A /* TabAnuncioVendedor.storyboard */ = {isa = PBXFileReference; lastKnownFileType = file.storyboard; path = TabAnuncioVendedor.storyboard; sourceTree = "<group>"; };
		88359C9724E4200E0073628A /* TabPerfilVendedor.storyboard */ = {isa = PBXFileReference; lastKnownFileType = file.storyboard; path = TabPerfilVendedor.storyboard; sourceTree = "<group>"; };
		88359C9924E421940073628A /* TabPedidosVendedor.storyboard */ = {isa = PBXFileReference; lastKnownFileType = file.storyboard; path = TabPedidosVendedor.storyboard; sourceTree = "<group>"; };
		88359C9B24E424620073628A /* PrincipalVendedor.swift */ = {isa = PBXFileReference; lastKnownFileType = sourcecode.swift; path = PrincipalVendedor.swift; sourceTree = "<group>"; };
		88359C9D24E429290073628A /* PrincipalComprador.swift */ = {isa = PBXFileReference; lastKnownFileType = sourcecode.swift; path = PrincipalComprador.swift; sourceTree = "<group>"; };
		88B8423024E6D47300E21123 /* LoginVendedorViewController.swift */ = {isa = PBXFileReference; fileEncoding = 4; lastKnownFileType = sourcecode.swift; path = LoginVendedorViewController.swift; sourceTree = "<group>"; };
		88B8423124E6D47300E21123 /* Cadastro1VendedorViewController.swift */ = {isa = PBXFileReference; fileEncoding = 4; lastKnownFileType = sourcecode.swift; path = Cadastro1VendedorViewController.swift; sourceTree = "<group>"; };
		88B8423224E6D47300E21123 /* Cadastro2VendedorViewControllerViewController.swift */ = {isa = PBXFileReference; fileEncoding = 4; lastKnownFileType = sourcecode.swift; path = Cadastro2VendedorViewControllerViewController.swift; sourceTree = "<group>"; };
		D16DB9A224E6B93700B2B279 /* HortfruitsCollectionViewCell.swift */ = {isa = PBXFileReference; lastKnownFileType = sourcecode.swift; path = HortfruitsCollectionViewCell.swift; sourceTree = "<group>"; };
		D16DB9A324E6B93700B2B279 /* HortfruitsCollectionViewCell.xib */ = {isa = PBXFileReference; lastKnownFileType = file.xib; path = HortfruitsCollectionViewCell.xib; sourceTree = "<group>"; };
		D16DB9AA24E6B9DA00B2B279 /* HortfruitsTableViewCell.swift */ = {isa = PBXFileReference; lastKnownFileType = sourcecode.swift; path = HortfruitsTableViewCell.swift; sourceTree = "<group>"; };
		D16DB9AB24E6B9DA00B2B279 /* HortfruitsTableViewCell.xib */ = {isa = PBXFileReference; lastKnownFileType = file.xib; path = HortfruitsTableViewCell.xib; sourceTree = "<group>"; };
		D16DB9AE24E6BD7900B2B279 /* HortfruitsViewController.swift */ = {isa = PBXFileReference; lastKnownFileType = sourcecode.swift; path = HortfruitsViewController.swift; sourceTree = "<group>"; };
		D16DB9B024E6E30900B2B279 /* SelecionadosTableViewCell.swift */ = {isa = PBXFileReference; lastKnownFileType = sourcecode.swift; path = SelecionadosTableViewCell.swift; sourceTree = "<group>"; };
		D16DB9B124E6E30900B2B279 /* SelecionadosTableViewCell.xib */ = {isa = PBXFileReference; lastKnownFileType = file.xib; path = SelecionadosTableViewCell.xib; sourceTree = "<group>"; };
		D16DB9D224E6FCE400B2B279 /* Comerciante.swift */ = {isa = PBXFileReference; fileEncoding = 4; lastKnownFileType = sourcecode.swift; path = Comerciante.swift; sourceTree = "<group>"; };
		D16DB9D424E6FD0300B2B279 /* TabAnuncioVendedorViewController.swift */ = {isa = PBXFileReference; fileEncoding = 4; lastKnownFileType = sourcecode.swift; path = TabAnuncioVendedorViewController.swift; sourceTree = "<group>"; };
		D16DB9D624E6FD5900B2B279 /* PrincipalComprador.swift */ = {isa = PBXFileReference; lastKnownFileType = sourcecode.swift; name = PrincipalComprador.swift; path = "Hortfruits Controllers/PrincipalComprador.swift"; sourceTree = "<group>"; };
		D19D95D424E57252007701C4 /* LoginViewController.swift */ = {isa = PBXFileReference; lastKnownFileType = sourcecode.swift; path = LoginViewController.swift; sourceTree = "<group>"; };
		D19D95D624E57E81007701C4 /* PrimeiraTelaDeCadastroViewController.swift */ = {isa = PBXFileReference; lastKnownFileType = sourcecode.swift; path = PrimeiraTelaDeCadastroViewController.swift; sourceTree = "<group>"; };
		D19D95D824E5841A007701C4 /* SegundaTelaDeCadastroViewControllerViewController.swift */ = {isa = PBXFileReference; lastKnownFileType = sourcecode.swift; path = SegundaTelaDeCadastroViewControllerViewController.swift; sourceTree = "<group>"; };
		D19D95DA24E5842B007701C4 /* TerceiraTelaDeCadastroViewControllerViewController.swift */ = {isa = PBXFileReference; lastKnownFileType = sourcecode.swift; path = TerceiraTelaDeCadastroViewControllerViewController.swift; sourceTree = "<group>"; };
		D19FE66F24E43368007D138A /* CategoriaProduto.swift */ = {isa = PBXFileReference; fileEncoding = 4; lastKnownFileType = sourcecode.swift; path = CategoriaProduto.swift; sourceTree = "<group>"; };
		D19FE67024E43369007D138A /* Pedido.swift */ = {isa = PBXFileReference; fileEncoding = 4; lastKnownFileType = sourcecode.swift; path = Pedido.swift; sourceTree = "<group>"; };
		D19FE67224E43369007D138A /* Anuncio.swift */ = {isa = PBXFileReference; fileEncoding = 4; lastKnownFileType = sourcecode.swift; path = Anuncio.swift; sourceTree = "<group>"; };
		D19FE67324E43369007D138A /* Produtor.swift */ = {isa = PBXFileReference; fileEncoding = 4; lastKnownFileType = sourcecode.swift; path = Produtor.swift; sourceTree = "<group>"; };
		D19FE67424E43369007D138A /* Produto.swift */ = {isa = PBXFileReference; fileEncoding = 4; lastKnownFileType = sourcecode.swift; path = Produto.swift; sourceTree = "<group>"; };
		D19FE67624E43369007D138A /* ItemCarrinho.swift */ = {isa = PBXFileReference; fileEncoding = 4; lastKnownFileType = sourcecode.swift; path = ItemCarrinho.swift; sourceTree = "<group>"; };
		D19FE67724E43369007D138A /* StatusItem.swift */ = {isa = PBXFileReference; fileEncoding = 4; lastKnownFileType = sourcecode.swift; path = StatusItem.swift; sourceTree = "<group>"; };
		D19FE67824E43369007D138A /* Endereco.swift */ = {isa = PBXFileReference; fileEncoding = 4; lastKnownFileType = sourcecode.swift; path = Endereco.swift; sourceTree = "<group>"; };
		D19FE67924E43369007D138A /* TipoComercio.swift */ = {isa = PBXFileReference; fileEncoding = 4; lastKnownFileType = sourcecode.swift; path = TipoComercio.swift; sourceTree = "<group>"; };
		D19FE67A24E4336A007D138A /* TipoProduto.swift */ = {isa = PBXFileReference; fileEncoding = 4; lastKnownFileType = sourcecode.swift; path = TipoProduto.swift; sourceTree = "<group>"; };
		D19FE67B24E4336A007D138A /* Ceasa.swift */ = {isa = PBXFileReference; fileEncoding = 4; lastKnownFileType = sourcecode.swift; path = Ceasa.swift; sourceTree = "<group>"; };
/* End PBXFileReference section */

/* Begin PBXFrameworksBuildPhase section */
		88051B1A24D1A39100339FE9 /* Frameworks */ = {
			isa = PBXFrameworksBuildPhase;
			buildActionMask = 2147483647;
			files = (
			);
			runOnlyForDeploymentPostprocessing = 0;
		};
/* End PBXFrameworksBuildPhase section */

/* Begin PBXGroup section */
		88051B1424D1A39100339FE9 = {
			isa = PBXGroup;
			children = (
				88051B1F24D1A39100339FE9 /* aobaApp-iOS */,
				88051B1E24D1A39100339FE9 /* Products */,
				D16DB9D124E6FCBF00B2B279 /* Recovered References */,
			);
			sourceTree = "<group>";
		};
		88051B1E24D1A39100339FE9 /* Products */ = {
			isa = PBXGroup;
			children = (
				88051B1D24D1A39100339FE9 /* aobaApp-iOS.app */,
			);
			name = Products;
			sourceTree = "<group>";
		};
		88051B1F24D1A39100339FE9 /* aobaApp-iOS */ = {
			isa = PBXGroup;
			children = (
				88359C7E24D848770073628A /* Model */,
				88359C7F24D848B90073628A /* Controller */,
				88359C8024D848D10073628A /* Storyboards */,
				88051B2024D1A39100339FE9 /* AppDelegate.swift */,
				88051B2224D1A39100339FE9 /* SceneDelegate.swift */,
				88051B2924D1A39300339FE9 /* Assets.xcassets */,
				88051B2E24D1A39300339FE9 /* Info.plist */,
			);
			path = "aobaApp-iOS";
			sourceTree = "<group>";
		};
		88359C7E24D848770073628A /* Model */ = {
			isa = PBXGroup;
			children = (
				D19FE67224E43369007D138A /* Anuncio.swift */,
				D19FE66F24E43368007D138A /* CategoriaProduto.swift */,
				D19FE67B24E4336A007D138A /* Ceasa.swift */,
				D19FE67824E43369007D138A /* Endereco.swift */,
				D19FE67624E43369007D138A /* ItemCarrinho.swift */,
				D19FE67024E43369007D138A /* Pedido.swift */,
				D19FE67424E43369007D138A /* Produto.swift */,
				D19FE67324E43369007D138A /* Produtor.swift */,
				D16DB9D224E6FCE400B2B279 /* Comerciante.swift */,
				D19FE67724E43369007D138A /* StatusItem.swift */,
				D19FE67924E43369007D138A /* TipoComercio.swift */,
				D19FE67A24E4336A007D138A /* TipoProduto.swift */,
				88359C8124D9A3640073628A /* User.swift */,
			);
			path = Model;
			sourceTree = "<group>";
		};
		88359C7F24D848B90073628A /* Controller */ = {
			isa = PBXGroup;
			children = (
				D19D95D324E57228007701C4 /* Comprador */,
				88B8423624E6D47C00E21123 /* Vendedor */,
				88051B2424D1A39100339FE9 /* ViewController.swift */,
				D16DB9D424E6FD0300B2B279 /* TabAnuncioVendedorViewController.swift */,
			);
			path = Controller;
			sourceTree = "<group>";
		};
		88359C8024D848D10073628A /* Storyboards */ = {
			isa = PBXGroup;
			children = (
				88051B2B24D1A39300339FE9 /* LaunchScreen.storyboard */,
				88051B2624D1A39100339FE9 /* Main.storyboard */,
				88359C8E24E41F4F0073628A /* Comprador */,
				88359C8D24E41F3B0073628A /* Vendedor */,
			);
			path = Storyboards;
			sourceTree = "<group>";
		};
		88359C8D24E41F3B0073628A /* Vendedor */ = {
			isa = PBXGroup;
			children = (
				88359C8724E416BC0073628A /* CadastroVendedor.storyboard */,
				88359C9324E41FED0073628A /* PedidosVendedor.storyboard */,
				88359C8924E4189E0073628A /* PrincipalVendedor.storyboard */,
				88359C9524E420060073628A /* TabAnuncioVendedor.storyboard */,
				88359C9924E421940073628A /* TabPedidosVendedor.storyboard */,
				88359C9724E4200E0073628A /* TabPerfilVendedor.storyboard */,
			);
			path = Vendedor;
			sourceTree = "<group>";
		};
		88359C8E24E41F4F0073628A /* Comprador */ = {
			isa = PBXGroup;
			children = (
				88359C8B24E41D670073628A /* CadastroComprador.storyboard */,
				88359C8524E2EB9B0073628A /* PrincipalComprador.storyboard */,
				88359C9124E41FA50073628A /* TabPedidosComprador.storyboard */,
				88359C8F24E41F8C0073628A /* TabHortifruitComprador.storyboard */,
			);
			path = Comprador;
			sourceTree = "<group>";
		};
		88B8423624E6D47C00E21123 /* Vendedor */ = {
			isa = PBXGroup;
			children = (
				88359C9B24E424620073628A /* PrincipalVendedor.swift */,
				88B8423124E6D47300E21123 /* Cadastro1VendedorViewController.swift */,
				88B8423224E6D47300E21123 /* Cadastro2VendedorViewControllerViewController.swift */,
				88B8423024E6D47300E21123 /* LoginVendedorViewController.swift */,
			);
			path = Vendedor;
			sourceTree = "<group>";
		};
		D16DB9A024E6B85500B2B279 /* Cadastro Controllers */ = {
			isa = PBXGroup;
			children = (
				D19D95D624E57E81007701C4 /* PrimeiraTelaDeCadastroViewController.swift */,
				D19D95D824E5841A007701C4 /* SegundaTelaDeCadastroViewControllerViewController.swift */,
				D19D95DA24E5842B007701C4 /* TerceiraTelaDeCadastroViewControllerViewController.swift */,
			);
			path = "Cadastro Controllers";
			sourceTree = "<group>";
		};
		D16DB9A124E6B8A500B2B279 /* Hortfruits Controllers */ = {
			isa = PBXGroup;
			children = (
				D16DB9A724E6B95300B2B279 /* Table Cells */,
				D16DB9A624E6B94700B2B279 /* Collection Cells */,
				D16DB9AE24E6BD7900B2B279 /* HortfruitsViewController.swift */,
			);
			path = "Hortfruits Controllers";
			sourceTree = "<group>";
		};
		D16DB9A624E6B94700B2B279 /* Collection Cells */ = {
			isa = PBXGroup;
			children = (
				D16DB9A224E6B93700B2B279 /* HortfruitsCollectionViewCell.swift */,
				D16DB9A324E6B93700B2B279 /* HortfruitsCollectionViewCell.xib */,
			);
			path = "Collection Cells";
			sourceTree = "<group>";
		};
		D16DB9A724E6B95300B2B279 /* Table Cells */ = {
			isa = PBXGroup;
			children = (
				D16DB9AA24E6B9DA00B2B279 /* HortfruitsTableViewCell.swift */,
				D16DB9AB24E6B9DA00B2B279 /* HortfruitsTableViewCell.xib */,
				D16DB9B024E6E30900B2B279 /* SelecionadosTableViewCell.swift */,
				D16DB9B124E6E30900B2B279 /* SelecionadosTableViewCell.xib */,
			);
			path = "Table Cells";
			sourceTree = "<group>";
		};
		D16DB9D124E6FCBF00B2B279 /* Recovered References */ = {
			isa = PBXGroup;
			children = (
				88359C9D24E429290073628A /* PrincipalComprador.swift */,
			);
			name = "Recovered References";
			sourceTree = "<group>";
		};
		D19D95D324E57228007701C4 /* Comprador */ = {
			isa = PBXGroup;
			children = (
				D16DB9A124E6B8A500B2B279 /* Hortfruits Controllers */,
				D16DB9A024E6B85500B2B279 /* Cadastro Controllers */,
				D19D95D424E57252007701C4 /* LoginViewController.swift */,
				D16DB9D624E6FD5900B2B279 /* PrincipalComprador.swift */,
			);
			path = Comprador;
			sourceTree = "<group>";
		};
/* End PBXGroup section */

/* Begin PBXNativeTarget section */
		88051B1C24D1A39100339FE9 /* aobaApp-iOS */ = {
			isa = PBXNativeTarget;
			buildConfigurationList = 88051B3124D1A39300339FE9 /* Build configuration list for PBXNativeTarget "aobaApp-iOS" */;
			buildPhases = (
				88051B1924D1A39100339FE9 /* Sources */,
				88051B1A24D1A39100339FE9 /* Frameworks */,
				88051B1B24D1A39100339FE9 /* Resources */,
			);
			buildRules = (
			);
			dependencies = (
			);
			name = "aobaApp-iOS";
			productName = "aobaApp-iOS";
			productReference = 88051B1D24D1A39100339FE9 /* aobaApp-iOS.app */;
			productType = "com.apple.product-type.application";
		};
/* End PBXNativeTarget section */

/* Begin PBXProject section */
		88051B1524D1A39100339FE9 /* Project object */ = {
			isa = PBXProject;
			attributes = {
				LastSwiftUpdateCheck = 1160;
				LastUpgradeCheck = 1160;
				ORGANIZATIONNAME = "M Cavasin";
				TargetAttributes = {
					88051B1C24D1A39100339FE9 = {
						CreatedOnToolsVersion = 11.6;
					};
				};
			};
			buildConfigurationList = 88051B1824D1A39100339FE9 /* Build configuration list for PBXProject "aobaApp-iOS" */;
			compatibilityVersion = "Xcode 9.3";
			developmentRegion = en;
			hasScannedForEncodings = 0;
			knownRegions = (
				en,
				Base,
			);
			mainGroup = 88051B1424D1A39100339FE9;
			productRefGroup = 88051B1E24D1A39100339FE9 /* Products */;
			projectDirPath = "";
			projectRoot = "";
			targets = (
				88051B1C24D1A39100339FE9 /* aobaApp-iOS */,
			);
		};
/* End PBXProject section */

/* Begin PBXResourcesBuildPhase section */
		88051B1B24D1A39100339FE9 /* Resources */ = {
			isa = PBXResourcesBuildPhase;
			buildActionMask = 2147483647;
			files = (
				88359C8824E416BC0073628A /* CadastroVendedor.storyboard in Resources */,
				88359C8624E2EB9B0073628A /* PrincipalComprador.storyboard in Resources */,
				88359C8C24E41D670073628A /* CadastroComprador.storyboard in Resources */,
				88051B2D24D1A39300339FE9 /* LaunchScreen.storyboard in Resources */,
				88359C9024E41F8C0073628A /* TabHortifruitComprador.storyboard in Resources */,
				88051B2A24D1A39300339FE9 /* Assets.xcassets in Resources */,
				88359C9624E420060073628A /* TabAnuncioVendedor.storyboard in Resources */,
				88359C8A24E4189E0073628A /* PrincipalVendedor.storyboard in Resources */,
				D16DB9A524E6B93700B2B279 /* HortfruitsCollectionViewCell.xib in Resources */,
				88051B2824D1A39100339FE9 /* Main.storyboard in Resources */,
				D16DB9B324E6E30900B2B279 /* SelecionadosTableViewCell.xib in Resources */,
				88359C9424E41FED0073628A /* PedidosVendedor.storyboard in Resources */,
				D16DB9AD24E6B9DA00B2B279 /* HortfruitsTableViewCell.xib in Resources */,
				88359C9824E4200E0073628A /* TabPerfilVendedor.storyboard in Resources */,
				88359C9224E41FA50073628A /* TabPedidosComprador.storyboard in Resources */,
				88359C9A24E421940073628A /* TabPedidosVendedor.storyboard in Resources */,
			);
			runOnlyForDeploymentPostprocessing = 0;
		};
/* End PBXResourcesBuildPhase section */

/* Begin PBXSourcesBuildPhase section */
		88051B1924D1A39100339FE9 /* Sources */ = {
			isa = PBXSourcesBuildPhase;
			buildActionMask = 2147483647;
			files = (
				88B8423524E6D47300E21123 /* Cadastro2VendedorViewControllerViewController.swift in Sources */,
				88359C8224D9A3640073628A /* User.swift in Sources */,
				88051B2524D1A39100339FE9 /* ViewController.swift in Sources */,
				88051B2124D1A39100339FE9 /* AppDelegate.swift in Sources */,
				D19FE68724E4336A007D138A /* TipoProduto.swift in Sources */,
				D19D95DB24E5842B007701C4 /* TerceiraTelaDeCadastroViewControllerViewController.swift in Sources */,
				D16DB9AC24E6B9DA00B2B279 /* HortfruitsTableViewCell.swift in Sources */,
				D19D95D524E57252007701C4 /* LoginViewController.swift in Sources */,
				D16DB9D324E6FCE400B2B279 /* Comerciante.swift in Sources */,
				88359C9C24E424620073628A /* PrincipalVendedor.swift in Sources */,
				D19FE68024E4336A007D138A /* Produtor.swift in Sources */,
				D19FE68324E4336A007D138A /* ItemCarrinho.swift in Sources */,
				D16DB9D524E6FD0400B2B279 /* TabAnuncioVendedorViewController.swift in Sources */,
				D19FE67C24E4336A007D138A /* CategoriaProduto.swift in Sources */,
				D19FE67D24E4336A007D138A /* Pedido.swift in Sources */,
				D19FE68824E4336A007D138A /* Ceasa.swift in Sources */,
				D16DB9D724E6FD5900B2B279 /* PrincipalComprador.swift in Sources */,
				D19FE67F24E4336A007D138A /* Anuncio.swift in Sources */,
				D19D95D724E57E81007701C4 /* PrimeiraTelaDeCadastroViewController.swift in Sources */,
				D19FE68124E4336A007D138A /* Produto.swift in Sources */,
				88B8423324E6D47300E21123 /* LoginVendedorViewController.swift in Sources */,
				88B8423424E6D47300E21123 /* Cadastro1VendedorViewController.swift in Sources */,
				D19D95D924E5841A007701C4 /* SegundaTelaDeCadastroViewControllerViewController.swift in Sources */,
				D19FE68624E4336A007D138A /* TipoComercio.swift in Sources */,
				D19FE68424E4336A007D138A /* StatusItem.swift in Sources */,
				D19FE68524E4336A007D138A /* Endereco.swift in Sources */,
				D16DB9AF24E6BD7900B2B279 /* HortfruitsViewController.swift in Sources */,
				D16DB9A424E6B93700B2B279 /* HortfruitsCollectionViewCell.swift in Sources */,
				D16DB9B224E6E30900B2B279 /* SelecionadosTableViewCell.swift in Sources */,
				88051B2324D1A39100339FE9 /* SceneDelegate.swift in Sources */,
			);
			runOnlyForDeploymentPostprocessing = 0;
		};
/* End PBXSourcesBuildPhase section */

/* Begin PBXVariantGroup section */
		88051B2624D1A39100339FE9 /* Main.storyboard */ = {
			isa = PBXVariantGroup;
			children = (
				88051B2724D1A39100339FE9 /* Base */,
			);
			name = Main.storyboard;
			sourceTree = "<group>";
		};
		88051B2B24D1A39300339FE9 /* LaunchScreen.storyboard */ = {
			isa = PBXVariantGroup;
			children = (
				88051B2C24D1A39300339FE9 /* Base */,
			);
			name = LaunchScreen.storyboard;
			sourceTree = "<group>";
		};
/* End PBXVariantGroup section */

/* Begin XCBuildConfiguration section */
		88051B2F24D1A39300339FE9 /* Debug */ = {
			isa = XCBuildConfiguration;
			buildSettings = {
				ALWAYS_SEARCH_USER_PATHS = NO;
				CLANG_ANALYZER_NONNULL = YES;
				CLANG_ANALYZER_NUMBER_OBJECT_CONVERSION = YES_AGGRESSIVE;
				CLANG_CXX_LANGUAGE_STANDARD = "gnu++14";
				CLANG_CXX_LIBRARY = "libc++";
				CLANG_ENABLE_MODULES = YES;
				CLANG_ENABLE_OBJC_ARC = YES;
				CLANG_ENABLE_OBJC_WEAK = YES;
				CLANG_WARN_BLOCK_CAPTURE_AUTORELEASING = YES;
				CLANG_WARN_BOOL_CONVERSION = YES;
				CLANG_WARN_COMMA = YES;
				CLANG_WARN_CONSTANT_CONVERSION = YES;
				CLANG_WARN_DEPRECATED_OBJC_IMPLEMENTATIONS = YES;
				CLANG_WARN_DIRECT_OBJC_ISA_USAGE = YES_ERROR;
				CLANG_WARN_DOCUMENTATION_COMMENTS = YES;
				CLANG_WARN_EMPTY_BODY = YES;
				CLANG_WARN_ENUM_CONVERSION = YES;
				CLANG_WARN_INFINITE_RECURSION = YES;
				CLANG_WARN_INT_CONVERSION = YES;
				CLANG_WARN_NON_LITERAL_NULL_CONVERSION = YES;
				CLANG_WARN_OBJC_IMPLICIT_RETAIN_SELF = YES;
				CLANG_WARN_OBJC_LITERAL_CONVERSION = YES;
				CLANG_WARN_OBJC_ROOT_CLASS = YES_ERROR;
				CLANG_WARN_RANGE_LOOP_ANALYSIS = YES;
				CLANG_WARN_STRICT_PROTOTYPES = YES;
				CLANG_WARN_SUSPICIOUS_MOVE = YES;
				CLANG_WARN_UNGUARDED_AVAILABILITY = YES_AGGRESSIVE;
				CLANG_WARN_UNREACHABLE_CODE = YES;
				CLANG_WARN__DUPLICATE_METHOD_MATCH = YES;
				COPY_PHASE_STRIP = NO;
				DEBUG_INFORMATION_FORMAT = dwarf;
				ENABLE_STRICT_OBJC_MSGSEND = YES;
				ENABLE_TESTABILITY = YES;
				GCC_C_LANGUAGE_STANDARD = gnu11;
				GCC_DYNAMIC_NO_PIC = NO;
				GCC_NO_COMMON_BLOCKS = YES;
				GCC_OPTIMIZATION_LEVEL = 0;
				GCC_PREPROCESSOR_DEFINITIONS = (
					"DEBUG=1",
					"$(inherited)",
				);
				GCC_WARN_64_TO_32_BIT_CONVERSION = YES;
				GCC_WARN_ABOUT_RETURN_TYPE = YES_ERROR;
				GCC_WARN_UNDECLARED_SELECTOR = YES;
				GCC_WARN_UNINITIALIZED_AUTOS = YES_AGGRESSIVE;
				GCC_WARN_UNUSED_FUNCTION = YES;
				GCC_WARN_UNUSED_VARIABLE = YES;
				IPHONEOS_DEPLOYMENT_TARGET = 13.6;
				MTL_ENABLE_DEBUG_INFO = INCLUDE_SOURCE;
				MTL_FAST_MATH = YES;
				ONLY_ACTIVE_ARCH = YES;
				SDKROOT = iphoneos;
				SWIFT_ACTIVE_COMPILATION_CONDITIONS = DEBUG;
				SWIFT_OPTIMIZATION_LEVEL = "-Onone";
			};
			name = Debug;
		};
		88051B3024D1A39300339FE9 /* Release */ = {
			isa = XCBuildConfiguration;
			buildSettings = {
				ALWAYS_SEARCH_USER_PATHS = NO;
				CLANG_ANALYZER_NONNULL = YES;
				CLANG_ANALYZER_NUMBER_OBJECT_CONVERSION = YES_AGGRESSIVE;
				CLANG_CXX_LANGUAGE_STANDARD = "gnu++14";
				CLANG_CXX_LIBRARY = "libc++";
				CLANG_ENABLE_MODULES = YES;
				CLANG_ENABLE_OBJC_ARC = YES;
				CLANG_ENABLE_OBJC_WEAK = YES;
				CLANG_WARN_BLOCK_CAPTURE_AUTORELEASING = YES;
				CLANG_WARN_BOOL_CONVERSION = YES;
				CLANG_WARN_COMMA = YES;
				CLANG_WARN_CONSTANT_CONVERSION = YES;
				CLANG_WARN_DEPRECATED_OBJC_IMPLEMENTATIONS = YES;
				CLANG_WARN_DIRECT_OBJC_ISA_USAGE = YES_ERROR;
				CLANG_WARN_DOCUMENTATION_COMMENTS = YES;
				CLANG_WARN_EMPTY_BODY = YES;
				CLANG_WARN_ENUM_CONVERSION = YES;
				CLANG_WARN_INFINITE_RECURSION = YES;
				CLANG_WARN_INT_CONVERSION = YES;
				CLANG_WARN_NON_LITERAL_NULL_CONVERSION = YES;
				CLANG_WARN_OBJC_IMPLICIT_RETAIN_SELF = YES;
				CLANG_WARN_OBJC_LITERAL_CONVERSION = YES;
				CLANG_WARN_OBJC_ROOT_CLASS = YES_ERROR;
				CLANG_WARN_RANGE_LOOP_ANALYSIS = YES;
				CLANG_WARN_STRICT_PROTOTYPES = YES;
				CLANG_WARN_SUSPICIOUS_MOVE = YES;
				CLANG_WARN_UNGUARDED_AVAILABILITY = YES_AGGRESSIVE;
				CLANG_WARN_UNREACHABLE_CODE = YES;
				CLANG_WARN__DUPLICATE_METHOD_MATCH = YES;
				COPY_PHASE_STRIP = NO;
				DEBUG_INFORMATION_FORMAT = "dwarf-with-dsym";
				ENABLE_NS_ASSERTIONS = NO;
				ENABLE_STRICT_OBJC_MSGSEND = YES;
				GCC_C_LANGUAGE_STANDARD = gnu11;
				GCC_NO_COMMON_BLOCKS = YES;
				GCC_WARN_64_TO_32_BIT_CONVERSION = YES;
				GCC_WARN_ABOUT_RETURN_TYPE = YES_ERROR;
				GCC_WARN_UNDECLARED_SELECTOR = YES;
				GCC_WARN_UNINITIALIZED_AUTOS = YES_AGGRESSIVE;
				GCC_WARN_UNUSED_FUNCTION = YES;
				GCC_WARN_UNUSED_VARIABLE = YES;
				IPHONEOS_DEPLOYMENT_TARGET = 13.6;
				MTL_ENABLE_DEBUG_INFO = NO;
				MTL_FAST_MATH = YES;
				SDKROOT = iphoneos;
				SWIFT_COMPILATION_MODE = wholemodule;
				SWIFT_OPTIMIZATION_LEVEL = "-O";
				VALIDATE_PRODUCT = YES;
			};
			name = Release;
		};
		88051B3224D1A39300339FE9 /* Debug */ = {
			isa = XCBuildConfiguration;
			buildSettings = {
				ASSETCATALOG_COMPILER_APPICON_NAME = AppIcon;
				CODE_SIGN_STYLE = Automatic;
				DEVELOPMENT_TEAM = CM34PRAQJX;
				INFOPLIST_FILE = "aobaApp-iOS/Info.plist";
				LD_RUNPATH_SEARCH_PATHS = (
					"$(inherited)",
					"@executable_path/Frameworks",
				);
				PRODUCT_BUNDLE_IDENTIFIER = "br.com.aobaApp-iOS";
				PRODUCT_NAME = "$(TARGET_NAME)";
				SWIFT_VERSION = 5.0;
				TARGETED_DEVICE_FAMILY = "1,2";
			};
			name = Debug;
		};
		88051B3324D1A39300339FE9 /* Release */ = {
			isa = XCBuildConfiguration;
			buildSettings = {
				ASSETCATALOG_COMPILER_APPICON_NAME = AppIcon;
				CODE_SIGN_STYLE = Automatic;
				DEVELOPMENT_TEAM = CM34PRAQJX;
				INFOPLIST_FILE = "aobaApp-iOS/Info.plist";
				LD_RUNPATH_SEARCH_PATHS = (
					"$(inherited)",
					"@executable_path/Frameworks",
				);
				PRODUCT_BUNDLE_IDENTIFIER = "br.com.aobaApp-iOS";
				PRODUCT_NAME = "$(TARGET_NAME)";
				SWIFT_VERSION = 5.0;
				TARGETED_DEVICE_FAMILY = "1,2";
			};
			name = Release;
		};
/* End XCBuildConfiguration section */

/* Begin XCConfigurationList section */
		88051B1824D1A39100339FE9 /* Build configuration list for PBXProject "aobaApp-iOS" */ = {
			isa = XCConfigurationList;
			buildConfigurations = (
				88051B2F24D1A39300339FE9 /* Debug */,
				88051B3024D1A39300339FE9 /* Release */,
			);
			defaultConfigurationIsVisible = 0;
			defaultConfigurationName = Release;
		};
		88051B3124D1A39300339FE9 /* Build configuration list for PBXNativeTarget "aobaApp-iOS" */ = {
			isa = XCConfigurationList;
			buildConfigurations = (
				88051B3224D1A39300339FE9 /* Debug */,
				88051B3324D1A39300339FE9 /* Release */,
			);
			defaultConfigurationIsVisible = 0;
			defaultConfigurationName = Release;
		};
/* End XCConfigurationList section */
	};
	rootObject = 88051B1524D1A39100339FE9 /* Project object */;
}
